[[package]]
name = "asgiref"
version = "3.5.1"
description = "ASGI specs, helper code, and adapters"
category = "main"
optional = false
python-versions = ">=3.7"

[package.extras]
tests = ["pytest", "pytest-asyncio", "mypy (>=0.800)"]

[[package]]
name = "blis"
version = "0.7.9"
description = "The Blis BLAS-like linear algebra library, as a self-contained C-extension."
category = "main"
optional = false
python-versions = "*"

[package.dependencies]
numpy = ">=1.15.0"

[[package]]
name = "catalogue"
version = "2.0.8"
description = "Super lightweight function registries for your library"
category = "main"
optional = false
python-versions = ">=3.6"

[[package]]
name = "certifi"
version = "2022.9.24"
description = "Python package for providing Mozilla's CA Bundle."
category = "main"
optional = false
python-versions = ">=3.6"

[[package]]
name = "charset-normalizer"
version = "2.1.1"
description = "The Real First Universal Charset Detector. Open, modern and actively maintained alternative to Chardet."
category = "main"
optional = false
python-versions = ">=3.6.0"

[package.extras]
unicode_backport = ["unicodedata2"]

[[package]]
name = "click"
version = "8.1.3"
description = "Composable command line interface toolkit"
category = "main"
optional = false
python-versions = ">=3.7"

[package.dependencies]
colorama = {version = "*", markers = "platform_system == \"Windows\""}

[[package]]
name = "colorama"
version = "0.4.6"
description = "Cross-platform colored terminal text."
category = "main"
optional = false
python-versions = "!=3.0.*,!=3.1.*,!=3.2.*,!=3.3.*,!=3.4.*,!=3.5.*,!=3.6.*,>=2.7"

[[package]]
name = "confection"
version = "0.0.3"
description = "The sweetest config system for Python"
category = "main"
optional = false
python-versions = ">=3.6"

[package.dependencies]
pydantic = ">=1.7.4,<1.8 || >1.8,<1.8.1 || >1.8.1,<1.11.0"
srsly = ">=2.4.0,<3.0.0"

[[package]]
name = "cymem"
version = "2.0.7"
description = "Manage calls to calloc/free through Cython"
category = "main"
optional = false
python-versions = "*"

[[package]]
name = "django"
version = "3.2.13"
description = "A high-level Python Web framework that encourages rapid development and clean, pragmatic design."
category = "main"
optional = false
python-versions = ">=3.6"

[package.dependencies]
asgiref = ">=3.3.2,<4"
pytz = "*"
sqlparse = ">=0.2.2"

[package.extras]
argon2 = ["argon2-cffi (>=19.1.0)"]
bcrypt = ["bcrypt"]

[[package]]
name = "idna"
version = "3.4"
description = "Internationalized Domain Names in Applications (IDNA)"
category = "main"
optional = false
python-versions = ">=3.5"

[[package]]
name = "jinja2"
version = "3.1.2"
description = "A very fast and expressive template engine."
category = "main"
optional = false
python-versions = ">=3.7"

[package.dependencies]
MarkupSafe = ">=2.0"

[package.extras]
i18n = ["Babel (>=2.7)"]

[[package]]
name = "joblib"
version = "1.2.0"
description = "Lightweight pipelining with Python functions"
category = "main"
optional = false
python-versions = ">=3.7"

[[package]]
name = "langcodes"
version = "3.3.0"
description = "Tools for labeling human languages with IETF language tags"
category = "main"
optional = false
python-versions = ">=3.6"

[package.extras]
data = ["language-data (>=1.1,<2.0)"]

[[package]]
name = "markupsafe"
version = "2.1.1"
description = "Safely add untrusted strings to HTML/XML markup."
category = "main"
optional = false
python-versions = ">=3.7"

[[package]]
name = "murmurhash"
version = "1.0.9"
description = "Cython bindings for MurmurHash"
category = "main"
optional = false
python-versions = ">=3.6"

[[package]]
name = "nltk"
version = "3.7"
description = "Natural Language Toolkit"
category = "main"
optional = false
python-versions = ">=3.7"

[package.dependencies]
click = "*"
joblib = "*"
regex = ">=2021.8.3"
tqdm = "*"

[package.extras]
all = ["numpy", "pyparsing", "scipy", "matplotlib", "twython", "requests", "scikit-learn", "python-crfsuite"]
corenlp = ["requests"]
machine_learning = ["numpy", "python-crfsuite", "scikit-learn", "scipy"]
plot = ["matplotlib"]
tgrep = ["pyparsing"]
twitter = ["twython"]

[[package]]
name = "numpy"
version = "1.23.5"
description = "NumPy is the fundamental package for array computing with Python."
category = "main"
optional = false
python-versions = ">=3.8"

[[package]]
name = "packaging"
version = "21.3"
description = "Core utilities for Python packages"
category = "main"
optional = false
python-versions = ">=3.6"

[package.dependencies]
pyparsing = ">=2.0.2,<3.0.5 || >3.0.5"

[[package]]
name = "pathy"
version = "0.8.1"
description = "pathlib.Path subclasses for local and cloud bucket storage"
category = "main"
optional = false
python-versions = ">= 3.6"

[package.dependencies]
smart-open = ">=5.2.1,<6.0.0"
typer = ">=0.3.0,<1.0.0"

[package.extras]
all = ["google-cloud-storage (>=1.26.0,<2.0.0)", "boto3", "azure-storage-blob", "pytest", "pytest-coverage", "mock", "typer-cli"]
azure = ["azure-storage-blob"]
gcs = ["google-cloud-storage (>=1.26.0,<2.0.0)"]
s3 = ["boto3"]
test = ["pytest", "pytest-coverage", "mock", "typer-cli"]

[[package]]
name = "preshed"
version = "3.0.8"
description = "Cython hash table that trusts the keys are pre-hashed"
category = "main"
optional = false
python-versions = ">=3.6"

[package.dependencies]
cymem = ">=2.0.2,<2.1.0"
murmurhash = ">=0.28.0,<1.1.0"

[[package]]
name = "pydantic"
version = "1.10.2"
description = "Data validation and settings management using python type hints"
category = "main"
optional = false
python-versions = ">=3.7"

[package.dependencies]
typing-extensions = ">=4.1.0"

[package.extras]
dotenv = ["python-dotenv (>=0.10.4)"]
email = ["email-validator (>=1.0.3)"]

[[package]]
name = "pyparsing"
version = "3.0.9"
description = "pyparsing module - Classes and methods to define and execute parsing grammars"
category = "main"
optional = false
python-versions = ">=3.6.8"

[package.extras]
diagrams = ["railroad-diagrams", "jinja2"]

[[package]]
name = "pypdf2"
version = "2.11.2"
description = "A pure-python PDF library capable of splitting, merging, cropping, and transforming PDF files"
category = "main"
optional = false
python-versions = ">=3.6"

[package.dependencies]
typing_extensions = {version = ">=3.10.0.0", markers = "python_version < \"3.10\""}

[package.extras]
crypto = ["pycryptodome"]
dev = ["black", "pip-tools", "pre-commit (<2.18.0)", "pytest-cov", "flit", "wheel"]
docs = ["sphinx", "sphinx-rtd-theme", "myst-parser"]
full = ["pycryptodome", "pillow"]
image = ["pillow"]

[[package]]
name = "pytz"
version = "2022.1"
description = "World timezone definitions, modern and historical"
category = "main"
optional = false
python-versions = "*"

[[package]]
name = "regex"
version = "2022.10.31"
description = "Alternative regular expression module, to replace re."
category = "main"
optional = false
python-versions = ">=3.6"

[[package]]
name = "requests"
version = "2.28.1"
description = "Python HTTP for Humans."
category = "main"
optional = false
python-versions = ">=3.7, <4"

[package.dependencies]
certifi = ">=2017.4.17"
charset-normalizer = ">=2,<3"
idna = ">=2.5,<4"
urllib3 = ">=1.21.1,<1.27"

[package.extras]
socks = ["PySocks (>=1.5.6,!=1.5.7)"]
use_chardet_on_py3 = ["chardet (>=3.0.2,<6)"]

[[package]]
name = "smart-open"
version = "5.2.1"
description = "Utils for streaming large files (S3, HDFS, GCS, Azure Blob Storage, gzip, bz2...)"
category = "main"
optional = false
python-versions = ">=3.6,<4.0"

[package.extras]
all = ["boto3", "google-cloud-storage", "azure-storage-blob", "azure-common", "azure-core", "requests"]
azure = ["azure-storage-blob", "azure-common", "azure-core"]
gcs = ["google-cloud-storage"]
http = ["requests"]
s3 = ["boto3"]
test = ["boto3", "google-cloud-storage", "azure-storage-blob", "azure-common", "azure-core", "requests", "moto[server] (==1.3.14)", "pathlib2", "responses", "paramiko", "parameterizedtestcase", "pytest", "pytest-rerunfailures"]
webhdfs = ["requests"]

[[package]]
name = "spacy"
version = "3.4.3"
description = "Industrial-strength Natural Language Processing (NLP) in Python"
category = "main"
optional = false
python-versions = ">=3.6"

[package.dependencies]
catalogue = ">=2.0.6,<2.1.0"
cymem = ">=2.0.2,<2.1.0"
jinja2 = "*"
langcodes = ">=3.2.0,<4.0.0"
murmurhash = ">=0.28.0,<1.1.0"
numpy = ">=1.15.0"
packaging = ">=20.0"
pathy = ">=0.3.5"
preshed = ">=3.0.2,<3.1.0"
pydantic = ">=1.7.4,<1.8 || >1.8,<1.8.1 || >1.8.1,<1.11.0"
requests = ">=2.13.0,<3.0.0"
spacy-legacy = ">=3.0.10,<3.1.0"
spacy-loggers = ">=1.0.0,<2.0.0"
srsly = ">=2.4.3,<3.0.0"
thinc = ">=8.1.0,<8.2.0"
tqdm = ">=4.38.0,<5.0.0"
typer = ">=0.3.0,<0.8.0"
wasabi = ">=0.9.1,<1.1.0"

[package.extras]
apple = ["thinc-apple-ops (>=0.1.0.dev0,<1.0.0)"]
cuda = ["cupy (>=5.0.0b4,<12.0.0)"]
cuda-autodetect = ["cupy-wheel (>=11.0.0,<12.0.0)"]
cuda100 = ["cupy-cuda100 (>=5.0.0b4,<12.0.0)"]
cuda101 = ["cupy-cuda101 (>=5.0.0b4,<12.0.0)"]
cuda102 = ["cupy-cuda102 (>=5.0.0b4,<12.0.0)"]
cuda110 = ["cupy-cuda110 (>=5.0.0b4,<12.0.0)"]
cuda111 = ["cupy-cuda111 (>=5.0.0b4,<12.0.0)"]
cuda112 = ["cupy-cuda112 (>=5.0.0b4,<12.0.0)"]
cuda113 = ["cupy-cuda113 (>=5.0.0b4,<12.0.0)"]
cuda114 = ["cupy-cuda114 (>=5.0.0b4,<12.0.0)"]
cuda115 = ["cupy-cuda115 (>=5.0.0b4,<12.0.0)"]
cuda116 = ["cupy-cuda116 (>=5.0.0b4,<12.0.0)"]
cuda117 = ["cupy-cuda117 (>=5.0.0b4,<12.0.0)"]
cuda11x = ["cupy-cuda11x (>=11.0.0,<12.0.0)"]
cuda80 = ["cupy-cuda80 (>=5.0.0b4,<12.0.0)"]
cuda90 = ["cupy-cuda90 (>=5.0.0b4,<12.0.0)"]
cuda91 = ["cupy-cuda91 (>=5.0.0b4,<12.0.0)"]
cuda92 = ["cupy-cuda92 (>=5.0.0b4,<12.0.0)"]
ja = ["sudachipy (>=0.5.2,!=0.6.1)", "sudachidict-core (>=20211220)"]
ko = ["natto-py (>=0.9.0)"]
lookups = ["spacy-lookups-data (>=1.0.3,<1.1.0)"]
ray = ["spacy-ray (>=0.1.0,<1.0.0)"]
th = ["pythainlp (>=2.0)"]
transformers = ["spacy-transformers (>=1.1.2,<1.2.0)"]

[[package]]
name = "spacy-legacy"
version = "3.0.10"
description = "Legacy registered functions for spaCy backwards compatibility"
category = "main"
optional = false
python-versions = ">=3.6"

[[package]]
name = "spacy-loggers"
version = "1.0.3"
description = "Logging utilities for SpaCy"
category = "main"
optional = false
python-versions = ">=3.6"

[package.dependencies]
wasabi = ">=0.8.1,<1.1.0"

[[package]]
name = "sqlparse"
version = "0.4.2"
description = "A non-validating SQL parser."
category = "main"
optional = false
python-versions = ">=3.5"

[[package]]
name = "srsly"
version = "2.4.5"
description = "Modern high-performance serialization utilities for Python"
category = "main"
optional = false
python-versions = ">=3.6"

[package.dependencies]
catalogue = ">=2.0.3,<2.1.0"

[[package]]
name = "thinc"
version = "8.1.5"
description = "A refreshing functional take on deep learning, compatible with your favorite libraries"
category = "main"
optional = false
python-versions = ">=3.6"

[package.dependencies]
blis = ">=0.7.8,<0.8.0"
catalogue = ">=2.0.4,<2.1.0"
confection = ">=0.0.1,<1.0.0"
cymem = ">=2.0.2,<2.1.0"
murmurhash = ">=1.0.2,<1.1.0"
numpy = ">=1.15.0"
preshed = ">=3.0.2,<3.1.0"
pydantic = ">=1.7.4,<1.8 || >1.8,<1.8.1 || >1.8.1,<1.11.0"
srsly = ">=2.4.0,<3.0.0"
wasabi = ">=0.8.1,<1.1.0"

[package.extras]
cuda = ["cupy (>=5.0.0b4)"]
cuda-autodetect = ["cupy-wheel (>=11.0.0)"]
cuda100 = ["cupy-cuda100 (>=5.0.0b4)"]
cuda101 = ["cupy-cuda101 (>=5.0.0b4)"]
cuda102 = ["cupy-cuda102 (>=5.0.0b4)"]
cuda110 = ["cupy-cuda110 (>=5.0.0b4)"]
cuda111 = ["cupy-cuda111 (>=5.0.0b4)"]
cuda112 = ["cupy-cuda112 (>=5.0.0b4)"]
cuda113 = ["cupy-cuda113 (>=5.0.0b4)"]
cuda114 = ["cupy-cuda114 (>=5.0.0b4)"]
cuda115 = ["cupy-cuda115 (>=5.0.0b4)"]
cuda116 = ["cupy-cuda116 (>=5.0.0b4)"]
cuda117 = ["cupy-cuda117 (>=5.0.0b4)"]
cuda11x = ["cupy-cuda11x (>=11.0.0)"]
cuda80 = ["cupy-cuda80 (>=5.0.0b4)"]
cuda90 = ["cupy-cuda90 (>=5.0.0b4)"]
cuda91 = ["cupy-cuda91 (>=5.0.0b4)"]
cuda92 = ["cupy-cuda92 (>=5.0.0b4)"]
datasets = ["ml-datasets (>=0.2.0,<0.3.0)"]
mxnet = ["mxnet (>=1.5.1,<1.6.0)"]
tensorflow = ["tensorflow (>=2.0.0,<2.6.0)"]
torch = ["torch (>=1.6.0)"]

[[package]]
name = "tqdm"
version = "4.64.1"
description = "Fast, Extensible Progress Meter"
category = "main"
optional = false
python-versions = "!=3.0.*,!=3.1.*,!=3.2.*,!=3.3.*,>=2.7"

[package.dependencies]
colorama = {version = "*", markers = "platform_system == \"Windows\""}

[package.extras]
dev = ["py-make (>=0.1.0)", "twine", "wheel"]
notebook = ["ipywidgets (>=6)"]
slack = ["slack-sdk"]
telegram = ["requests"]

[[package]]
name = "typer"
version = "0.7.0"
description = "Typer, build great CLIs. Easy to code. Based on Python type hints."
category = "main"
optional = false
python-versions = ">=3.6"

[package.dependencies]
click = ">=7.1.1,<9.0.0"

[package.extras]
all = ["colorama (>=0.4.3,<0.5.0)", "shellingham (>=1.3.0,<2.0.0)", "rich (>=10.11.0,<13.0.0)"]
dev = ["autoflake (>=1.3.1,<2.0.0)", "flake8 (>=3.8.3,<4.0.0)", "pre-commit (>=2.17.0,<3.0.0)"]
doc = ["mkdocs (>=1.1.2,<2.0.0)", "mkdocs-material (>=8.1.4,<9.0.0)", "mdx-include (>=1.4.1,<2.0.0)", "pillow (>=9.3.0,<10.0.0)", "cairosvg (>=2.5.2,<3.0.0)"]
test = ["shellingham (>=1.3.0,<2.0.0)", "pytest (>=4.4.0,<8.0.0)", "pytest-cov (>=2.10.0,<5.0.0)", "coverage (>=6.2,<7.0)", "pytest-xdist (>=1.32.0,<4.0.0)", "pytest-sugar (>=0.9.4,<0.10.0)", "mypy (==0.910)", "black (>=22.3.0,<23.0.0)", "isort (>=5.0.6,<6.0.0)", "rich (>=10.11.0,<13.0.0)"]

[[package]]
name = "typing-extensions"
version = "4.4.0"
description = "Backported and Experimental Type Hints for Python 3.7+"
category = "main"
optional = false
python-versions = ">=3.7"

[[package]]
name = "urllib3"
version = "1.26.12"
description = "HTTP library with thread-safe connection pooling, file post, and more."
category = "main"
optional = false
python-versions = ">=2.7, !=3.0.*, !=3.1.*, !=3.2.*, !=3.3.*, !=3.4.*, !=3.5.*, <4"

[package.extras]
brotli = ["brotlicffi (>=0.8.0)", "brotli (>=1.0.9)", "brotlipy (>=0.6.0)"]
secure = ["pyOpenSSL (>=0.14)", "cryptography (>=1.3.4)", "idna (>=2.0.0)", "certifi", "urllib3-secure-extra", "ipaddress"]
socks = ["PySocks (>=1.5.6,!=1.5.7,<2.0)"]

[[package]]
name = "wasabi"
version = "0.10.1"
description = "A lightweight console printing and formatting toolkit"
category = "main"
optional = false
python-versions = "*"

[metadata]
lock-version = "1.1"
python-versions = "^3.8"
content-hash = "48f76c2053226a0be01043b6c0ce26a0be45ee30da5a8aedefeed031ca0acc35"

[metadata.files]
asgiref = []
blis = []
catalogue = []
certifi = []
charset-normalizer = []
click = []
colorama = []
confection = []
cymem = []
django = []
idna = []
jinja2 = []
joblib = []
langcodes = []
markupsafe = []
murmurhash = []
nltk = []
numpy = [
    {file = "numpy-1.23.5-cp310-cp310-macosx_10_9_x86_64.whl", hash = "sha256:9c88793f78fca17da0145455f0d7826bcb9f37da4764af27ac945488116efe63"},
    {file = "numpy-1.23.5-cp310-cp310-macosx_11_0_arm64.whl", hash = "sha256:e9f4c4e51567b616be64e05d517c79a8a22f3606499941d97bb76f2ca59f982d"},
    {file = "numpy-1.23.5-cp310-cp310-manylinux_2_17_aarch64.manylinux2014_aarch64.whl", hash = "sha256:7903ba8ab592b82014713c491f6c5d3a1cde5b4a3bf116404e08f5b52f6daf43"},
    {file = "numpy-1.23.5-cp310-cp310-manylinux_2_17_x86_64.manylinux2014_x86_64.whl", hash = "sha256:5e05b1c973a9f858c74367553e236f287e749465f773328c8ef31abe18f691e1"},
    {file = "numpy-1.23.5-cp310-cp310-win32.whl", hash = "sha256:522e26bbf6377e4d76403826ed689c295b0b238f46c28a7251ab94716da0b280"},
    {file = "numpy-1.23.5-cp310-cp310-win_amd64.whl", hash = "sha256:dbee87b469018961d1ad79b1a5d50c0ae850000b639bcb1b694e9981083243b6"},
    {file = "numpy-1.23.5-cp311-cp311-macosx_10_9_x86_64.whl", hash = "sha256:ce571367b6dfe60af04e04a1834ca2dc5f46004ac1cc756fb95319f64c095a96"},
    {file = "numpy-1.23.5-cp311-cp311-macosx_11_0_arm64.whl", hash = "sha256:56e454c7833e94ec9769fa0f86e6ff8e42ee38ce0ce1fa4cbb747ea7e06d56aa"},
    {file = "numpy-1.23.5-cp311-cp311-manylinux_2_17_aarch64.manylinux2014_aarch64.whl", hash = "sha256:5039f55555e1eab31124a5768898c9e22c25a65c1e0037f4d7c495a45778c9f2"},
    {file = "numpy-1.23.5-cp311-cp311-manylinux_2_17_x86_64.manylinux2014_x86_64.whl", hash = "sha256:58f545efd1108e647604a1b5aa809591ccd2540f468a880bedb97247e72db387"},
    {file = "numpy-1.23.5-cp311-cp311-win32.whl", hash = "sha256:b2a9ab7c279c91974f756c84c365a669a887efa287365a8e2c418f8b3ba73fb0"},
    {file = "numpy-1.23.5-cp311-cp311-win_amd64.whl", hash = "sha256:0cbe9848fad08baf71de1a39e12d1b6310f1d5b2d0ea4de051058e6e1076852d"},
    {file = "numpy-1.23.5-cp38-cp38-macosx_10_9_x86_64.whl", hash = "sha256:f063b69b090c9d918f9df0a12116029e274daf0181df392839661c4c7ec9018a"},
    {file = "numpy-1.23.5-cp38-cp38-macosx_11_0_arm64.whl", hash = "sha256:0aaee12d8883552fadfc41e96b4c82ee7d794949e2a7c3b3a7201e968c7ecab9"},
    {file = "numpy-1.23.5-cp38-cp38-manylinux_2_17_aarch64.manylinux2014_aarch64.whl", hash = "sha256:92c8c1e89a1f5028a4c6d9e3ccbe311b6ba53694811269b992c0b224269e2398"},
    {file = "numpy-1.23.5-cp38-cp38-manylinux_2_17_x86_64.manylinux2014_x86_64.whl", hash = "sha256:d208a0f8729f3fb790ed18a003f3a57895b989b40ea4dce4717e9cf4af62c6bb"},
    {file = "numpy-1.23.5-cp38-cp38-win32.whl", hash = "sha256:06005a2ef6014e9956c09ba07654f9837d9e26696a0470e42beedadb78c11b07"},
    {file = "numpy-1.23.5-cp38-cp38-win_amd64.whl", hash = "sha256:ca51fcfcc5f9354c45f400059e88bc09215fb71a48d3768fb80e357f3b457e1e"},
    {file = "numpy-1.23.5-cp39-cp39-macosx_10_9_x86_64.whl", hash = "sha256:8969bfd28e85c81f3f94eb4a66bc2cf1dbdc5c18efc320af34bffc54d6b1e38f"},
    {file = "numpy-1.23.5-cp39-cp39-macosx_11_0_arm64.whl", hash = "sha256:a7ac231a08bb37f852849bbb387a20a57574a97cfc7b6cabb488a4fc8be176de"},
    {file = "numpy-1.23.5-cp39-cp39-manylinux_2_17_aarch64.manylinux2014_aarch64.whl", hash = "sha256:bf837dc63ba5c06dc8797c398db1e223a466c7ece27a1f7b5232ba3466aafe3d"},
    {file = "numpy-1.23.5-cp39-cp39-manylinux_2_17_x86_64.manylinux2014_x86_64.whl", hash = "sha256:33161613d2269025873025b33e879825ec7b1d831317e68f4f2f0f84ed14c719"},
    {file = "numpy-1.23.5-cp39-cp39-win32.whl", hash = "sha256:af1da88f6bc3d2338ebbf0e22fe487821ea4d8e89053e25fa59d1d79786e7481"},
    {file = "numpy-1.23.5-cp39-cp39-win_amd64.whl", hash = "sha256:09b7847f7e83ca37c6e627682f145856de331049013853f344f37b0c9690e3df"},
    {file = "numpy-1.23.5-pp38-pypy38_pp73-macosx_10_9_x86_64.whl", hash = "sha256:abdde9f795cf292fb9651ed48185503a2ff29be87770c3b8e2a14b0cd7aa16f8"},
    {file = "numpy-1.23.5-pp38-pypy38_pp73-manylinux_2_17_x86_64.manylinux2014_x86_64.whl", hash = "sha256:f9a909a8bae284d46bbfdefbdd4a262ba19d3bc9921b1e76126b1d21c3c34135"},
    {file = "numpy-1.23.5-pp38-pypy38_pp73-win_amd64.whl", hash = "sha256:01dd17cbb340bf0fc23981e52e1d18a9d4050792e8fb8363cecbf066a84b827d"},
    {file = "numpy-1.23.5.tar.gz", hash = "sha256:1b1766d6f397c18153d40015ddfc79ddb715cabadc04d2d228d4e5a8bc4ded1a"},
]
packaging = []
pathy = []
preshed = []
pydantic = []
pyparsing = []
pypdf2 = [
    {file = "PyPDF2-2.11.2.tar.gz", hash = "sha256:f1b0df8cd686d2ed069088b903ec65fb0f53e9c7837adc8139eccfbb7eb9141f"},
    {file = "pypdf2-2.11.2-py3-none-any.whl", hash = "sha256:7074034d199a817f3c0190c533a1a64ed4237cc060cdb1ebc3a6da796a2c71c0"},
]
pytz = []
regex = []
requests = []
smart-open = []
spacy = []
spacy-legacy = []
spacy-loggers = []
sqlparse = []
srsly = []
thinc = []
tqdm = []
typer = []
typing-extensions = []
urllib3 = []
wasabi = []
